
Microsoft Visual Studio Solution File, Format Version 12.00
# Visual Studio Version 17
VisualStudioVersion = 17.10.35013.160
MinimumVisualStudioVersion = 10.0.40219.1
Project("{FAE04EC0-301F-11D3-BF4B-00C04F79EFBC}") = "my-az-app", "my-az-app\my-az-app.csproj", "{CA4DDBA4-26FD-47CE-8424-EDD0B0FF0F26}"
EndProject
Global
	GlobalSection(SolutionConfigurationPlatforms) = preSolution
		Debug|Any CPU = Debug|Any CPU
		Release|Any CPU = Release|Any CPU
	EndGlobalSection
	GlobalSection(ProjectConfigurationPlatforms) = postSolution
		{CA4DDBA4-26FD-47CE-8424-EDD0B0FF0F26}.Debug|Any CPU.ActiveCfg = Debug|Any CPU
		{CA4DDBA4-26FD-47CE-8424-EDD0B0FF0F26}.Debug|Any CPU.Build.0 = Debug|Any CPU
		{CA4DDBA4-26FD-47CE-8424-EDD0B0FF0F26}.Release|Any CPU.ActiveCfg = Release|Any CPU
		{CA4DDBA4-26FD-47CE-8424-EDD0B0FF0F26}.Release|Any CPU.Build.0 = Release|Any CPU
	EndGlobalSection
	GlobalSection(SolutionProperties) = preSolution
		HideSolutionNode = FALSE
	EndGlobalSection
	GlobalSection(ExtensibilityGlobals) = postSolution
		SolutionGuid = {3C7E1E9E-DDE8-4980-B301-216F2D3ADAA5}
	EndGlobalSection
EndGlobal
